
Microsoft Visual Studio Solution File, Format Version 12.00
# Visual Studio Version 17
VisualStudioVersion = 17.14.36109.1
MinimumVisualStudioVersion = 10.0.40219.1
Project("{FAE04EC0-301F-11D3-BF4B-00C04F79EFBC}") = "RazorQuery", "RazorQuery\RazorQuery.csproj", "{475486BC-1554-47AF-8BC2-C8BC9A97E994}"
EndProject
Project("{FAE04EC0-301F-11D3-BF4B-00C04F79EFBC}") = "RazorQuery.Tests", "RazorQuery.Tests\RazorQuery.Tests.csproj", "{1D8ABE89-F7F6-437B-8CDD-B4B9C6FA2549}"
EndProject
Project("{2150E333-8FDC-42A3-9474-1A3956D46DE8}") = "Solution Items", "Solution Items", "{8EC462FD-D22E-90A8-E5CE-7E832BA40C5D}"
	ProjectSection(SolutionItems) = preProject
		.editorconfig = .editorconfig
		.gitignore = .gitignore
		README.md = README.md
	EndProjectSection
EndProject
Project("{FAE04EC0-301F-11D3-BF4B-00C04F79EFBC}") = "RazorQuery.BlazorServer", "RazorQuery.BlazorServer\RazorQuery.BlazorServer.csproj", "{625DA856-7CFF-4F1A-A933-A0ED2F097F50}"
EndProject
Global
	GlobalSection(SolutionConfigurationPlatforms) = preSolution
		Debug|Any CPU = Debug|Any CPU
		Release|Any CPU = Release|Any CPU
	EndGlobalSection
	GlobalSection(ProjectConfigurationPlatforms) = postSolution
		{475486BC-1554-47AF-8BC2-C8BC9A97E994}.Debug|Any CPU.ActiveCfg = Debug|Any CPU
		{475486BC-1554-47AF-8BC2-C8BC9A97E994}.Debug|Any CPU.Build.0 = Debug|Any CPU
		{475486BC-1554-47AF-8BC2-C8BC9A97E994}.Release|Any CPU.ActiveCfg = Release|Any CPU
		{475486BC-1554-47AF-8BC2-C8BC9A97E994}.Release|Any CPU.Build.0 = Release|Any CPU
		{1D8ABE89-F7F6-437B-8CDD-B4B9C6FA2549}.Debug|Any CPU.ActiveCfg = Debug|Any CPU
		{1D8ABE89-F7F6-437B-8CDD-B4B9C6FA2549}.Debug|Any CPU.Build.0 = Debug|Any CPU
		{1D8ABE89-F7F6-437B-8CDD-B4B9C6FA2549}.Release|Any CPU.ActiveCfg = Release|Any CPU
		{1D8ABE89-F7F6-437B-8CDD-B4B9C6FA2549}.Release|Any CPU.Build.0 = Release|Any CPU
		{625DA856-7CFF-4F1A-A933-A0ED2F097F50}.Debug|Any CPU.ActiveCfg = Debug|Any CPU
		{625DA856-7CFF-4F1A-A933-A0ED2F097F50}.Debug|Any CPU.Build.0 = Debug|Any CPU
		{625DA856-7CFF-4F1A-A933-A0ED2F097F50}.Release|Any CPU.ActiveCfg = Release|Any CPU
		{625DA856-7CFF-4F1A-A933-A0ED2F097F50}.Release|Any CPU.Build.0 = Release|Any CPU
	EndGlobalSection
	GlobalSection(SolutionProperties) = preSolution
		HideSolutionNode = FALSE
	EndGlobalSection
	GlobalSection(ExtensibilityGlobals) = postSolution
		SolutionGuid = {9650D1AB-495A-409B-812C-962E04647B45}
	EndGlobalSection
EndGlobal
